// !$*UTF8*$!
{
	archiveVersion = 1;
	classes = {
	};
	objectVersion = 48;
	objects = {

/* Begin PBXBuildFile section */
		D1B5A321203E074800EBEA6E /* AppDelegate.swift in Sources */ = {isa = PBXBuildFile; fileRef = D1B5A320203E074800EBEA6E /* AppDelegate.swift */; };
		D1B5A323203E074800EBEA6E /* ViewController.swift in Sources */ = {isa = PBXBuildFile; fileRef = D1B5A322203E074800EBEA6E /* ViewController.swift */; };
		D1B5A326203E074800EBEA6E /* Main.storyboard in Resources */ = {isa = PBXBuildFile; fileRef = D1B5A324203E074800EBEA6E /* Main.storyboard */; };
		D1B5A328203E074800EBEA6E /* Assets.xcassets in Resources */ = {isa = PBXBuildFile; fileRef = D1B5A327203E074800EBEA6E /* Assets.xcassets */; };
		D1B5A32B203E074800EBEA6E /* LaunchScreen.storyboard in Resources */ = {isa = PBXBuildFile; fileRef = D1B5A329203E074800EBEA6E /* LaunchScreen.storyboard */; };
		D1B5A336203E074900EBEA6E /* ExampleTests.swift in Sources */ = {isa = PBXBuildFile; fileRef = D1B5A335203E074900EBEA6E /* ExampleTests.swift */; };
		D1B5A341203E074900EBEA6E /* ExampleUITests.swift in Sources */ = {isa = PBXBuildFile; fileRef = D1B5A340203E074900EBEA6E /* ExampleUITests.swift */; };
/* End PBXBuildFile section */

/* Begin PBXContainerItemProxy section */
		D1B5A332203E074900EBEA6E /* PBXContainerItemProxy */ = {
			isa = PBXContainerItemProxy;
			containerPortal = D1B5A315203E074800EBEA6E /* Project object */;
			proxyType = 1;
			remoteGlobalIDString = D1B5A31C203E074800EBEA6E;
			remoteInfo = Example;
		};
		D1B5A33D203E074900EBEA6E /* PBXContainerItemProxy */ = {
			isa = PBXContainerItemProxy;
			containerPortal = D1B5A315203E074800EBEA6E /* Project object */;
			proxyType = 1;
			remoteGlobalIDString = D1B5A31C203E074800EBEA6E;
			remoteInfo = Example;
		};
/* End PBXContainerItemProxy section */

/* Begin PBXFileReference section */
		D1B5A31D203E074800EBEA6E /* Example.app */ = {isa = PBXFileReference; explicitFileType = wrapper.application; includeInIndex = 0; path = Example.app; sourceTree = BUILT_PRODUCTS_DIR; };
		D1B5A320203E074800EBEA6E /* AppDelegate.swift */ = {isa = PBXFileReference; lastKnownFileType = sourcecode.swift; path = AppDelegate.swift; sourceTree = "<group>"; };
		D1B5A322203E074800EBEA6E /* ViewController.swift */ = {isa = PBXFileReference; lastKnownFileType = sourcecode.swift; path = ViewController.swift; sourceTree = "<group>"; };
		D1B5A325203E074800EBEA6E /* Base */ = {isa = PBXFileReference; lastKnownFileType = file.storyboard; name = Base; path = Base.lproj/Main.storyboard; sourceTree = "<group>"; };
		D1B5A327203E074800EBEA6E /* Assets.xcassets */ = {isa = PBXFileReference; lastKnownFileType = folder.assetcatalog; path = Assets.xcassets; sourceTree = "<group>"; };
		D1B5A32A203E074800EBEA6E /* Base */ = {isa = PBXFileReference; lastKnownFileType = file.storyboard; name = Base; path = Base.lproj/LaunchScreen.storyboard; sourceTree = "<group>"; };
		D1B5A32C203E074800EBEA6E /* Info.plist */ = {isa = PBXFileReference; lastKnownFileType = text.plist.xml; path = Info.plist; sourceTree = "<group>"; };
		D1B5A331203E074900EBEA6E /* ExampleTests.xctest */ = {isa = PBXFileReference; explicitFileType = wrapper.cfbundle; includeInIndex = 0; path = ExampleTests.xctest; sourceTree = BUILT_PRODUCTS_DIR; };
		D1B5A335203E074900EBEA6E /* ExampleTests.swift */ = {isa = PBXFileReference; lastKnownFileType = sourcecode.swift; path = ExampleTests.swift; sourceTree = "<group>"; };
		D1B5A337203E074900EBEA6E /* Info.plist */ = {isa = PBXFileReference; lastKnownFileType = text.plist.xml; path = Info.plist; sourceTree = "<group>"; };
		D1B5A33C203E074900EBEA6E /* ExampleUITests.xctest */ = {isa = PBXFileReference; explicitFileType = wrapper.cfbundle; includeInIndex = 0; path = ExampleUITests.xctest; sourceTree = BUILT_PRODUCTS_DIR; };
		D1B5A340203E074900EBEA6E /* ExampleUITests.swift */ = {isa = PBXFileReference; lastKnownFileType = sourcecode.swift; path = ExampleUITests.swift; sourceTree = "<group>"; };
		D1B5A342203E074900EBEA6E /* Info.plist */ = {isa = PBXFileReference; lastKnownFileType = text.plist.xml; path = Info.plist; sourceTree = "<group>"; };
/* End PBXFileReference section */

/* Begin PBXFrameworksBuildPhase section */
		D1B5A31A203E074800EBEA6E /* Frameworks */ = {
			isa = PBXFrameworksBuildPhase;
			buildActionMask = 2147483647;
			files = (
			);
			runOnlyForDeploymentPostprocessing = 0;
		};
		D1B5A32E203E074900EBEA6E /* Frameworks */ = {
			isa = PBXFrameworksBuildPhase;
			buildActionMask = 2147483647;
			files = (
			);
			runOnlyForDeploymentPostprocessing = 0;
		};
		D1B5A339203E074900EBEA6E /* Frameworks */ = {
			isa = PBXFrameworksBuildPhase;
			buildActionMask = 2147483647;
			files = (
			);
			runOnlyForDeploymentPostprocessing = 0;
		};
/* End PBXFrameworksBuildPhase section */

/* Begin PBXGroup section */
		D1B5A314203E074800EBEA6E = {
			isa = PBXGroup;
			children = (
				D1B5A31F203E074800EBEA6E /* Example */,
				D1B5A334203E074900EBEA6E /* ExampleTests */,
				D1B5A33F203E074900EBEA6E /* ExampleUITests */,
				D1B5A31E203E074800EBEA6E /* Products */,
			);
			sourceTree = "<group>";
		};
		D1B5A31E203E074800EBEA6E /* Products */ = {
			isa = PBXGroup;
			children = (
				D1B5A31D203E074800EBEA6E /* Example.app */,
				D1B5A331203E074900EBEA6E /* ExampleTests.xctest */,
				D1B5A33C203E074900EBEA6E /* ExampleUITests.xctest */,
			);
			name = Products;
			sourceTree = "<group>";
		};
		D1B5A31F203E074800EBEA6E /* Example */ = {
			isa = PBXGroup;
			children = (
				D1B5A320203E074800EBEA6E /* AppDelegate.swift */,
				D1B5A322203E074800EBEA6E /* ViewController.swift */,
				D1B5A324203E074800EBEA6E /* Main.storyboard */,
				D1B5A327203E074800EBEA6E /* Assets.xcassets */,
				D1B5A329203E074800EBEA6E /* LaunchScreen.storyboard */,
				D1B5A32C203E074800EBEA6E /* Info.plist */,
			);
			path = Example;
			sourceTree = "<group>";
		};
		D1B5A334203E074900EBEA6E /* ExampleTests */ = {
			isa = PBXGroup;
			children = (
				D1B5A335203E074900EBEA6E /* ExampleTests.swift */,
				D1B5A337203E074900EBEA6E /* Info.plist */,
			);
			path = ExampleTests;
			sourceTree = "<group>";
		};
		D1B5A33F203E074900EBEA6E /* ExampleUITests */ = {
			isa = PBXGroup;
			children = (
				D1B5A340203E074900EBEA6E /* ExampleUITests.swift */,
				D1B5A342203E074900EBEA6E /* Info.plist */,
			);
			path = ExampleUITests;
			sourceTree = "<group>";
		};
/* End PBXGroup section */

/* Begin PBXNativeTarget section */
		D1B5A31C203E074800EBEA6E /* Example */ = {
			isa = PBXNativeTarget;
			buildConfigurationList = D1B5A345203E074900EBEA6E /* Build configuration list for PBXNativeTarget "Example" */;
			buildPhases = (
				D1B5A319203E074800EBEA6E /* Sources */,
				D1B5A31A203E074800EBEA6E /* Frameworks */,
				D1B5A31B203E074800EBEA6E /* Resources */,
			);
			buildRules = (
			);
			dependencies = (
			);
			name = Example;
			productName = Example;
			productReference = D1B5A31D203E074800EBEA6E /* Example.app */;
			productType = "com.apple.product-type.application";
		};
		D1B5A330203E074900EBEA6E /* ExampleTests */ = {
			isa = PBXNativeTarget;
			buildConfigurationList = D1B5A348203E074900EBEA6E /* Build configuration list for PBXNativeTarget "ExampleTests" */;
			buildPhases = (
				D1B5A32D203E074900EBEA6E /* Sources */,
				D1B5A32E203E074900EBEA6E /* Frameworks */,
				D1B5A32F203E074900EBEA6E /* Resources */,
			);
			buildRules = (
			);
			dependencies = (
				D1B5A333203E074900EBEA6E /* PBXTargetDependency */,
			);
			name = ExampleTests;
			productName = ExampleTests;
			productReference = D1B5A331203E074900EBEA6E /* ExampleTests.xctest */;
			productType = "com.apple.product-type.bundle.unit-test";
		};
		D1B5A33B203E074900EBEA6E /* ExampleUITests */ = {
			isa = PBXNativeTarget;
			buildConfigurationList = D1B5A34B203E074900EBEA6E /* Build configuration list for PBXNativeTarget "ExampleUITests" */;
			buildPhases = (
				D1B5A338203E074900EBEA6E /* Sources */,
				D1B5A339203E074900EBEA6E /* Frameworks */,
				D1B5A33A203E074900EBEA6E /* Resources */,
			);
			buildRules = (
			);
			dependencies = (
				D1B5A33E203E074900EBEA6E /* PBXTargetDependency */,
			);
			name = ExampleUITests;
			productName = ExampleUITests;
			productReference = D1B5A33C203E074900EBEA6E /* ExampleUITests.xctest */;
			productType = "com.apple.product-type.bundle.ui-testing";
		};
/* End PBXNativeTarget section */

/* Begin PBXProject section */
		D1B5A315203E074800EBEA6E /* Project object */ = {
			isa = PBXProject;
			attributes = {
				LastSwiftUpdateCheck = 0920;
				LastUpgradeCheck = 0920;
				ORGANIZATIONNAME = Furqan;
				TargetAttributes = {
					D1B5A31C203E074800EBEA6E = {
						CreatedOnToolsVersion = 9.2;
						ProvisioningStyle = Automatic;
					};
					D1B5A330203E074900EBEA6E = {
						CreatedOnToolsVersion = 9.2;
						ProvisioningStyle = Automatic;
						TestTargetID = D1B5A31C203E074800EBEA6E;
					};
					D1B5A33B203E074900EBEA6E = {
						CreatedOnToolsVersion = 9.2;
						ProvisioningStyle = Automatic;
						TestTargetID = D1B5A31C203E074800EBEA6E;
					};
				};
			};
			buildConfigurationList = D1B5A318203E074800EBEA6E /* Build configuration list for PBXProject "Example" */;
			compatibilityVersion = "Xcode 8.0";
			developmentRegion = en;
			hasScannedForEncodings = 0;
			knownRegions = (
				en,
				Base,
			);
			mainGroup = D1B5A314203E074800EBEA6E;
			productRefGroup = D1B5A31E203E074800EBEA6E /* Products */;
			projectDirPath = "";
			projectRoot = "";
			targets = (
				D1B5A31C203E074800EBEA6E /* Example */,
				D1B5A330203E074900EBEA6E /* ExampleTests */,
				D1B5A33B203E074900EBEA6E /* ExampleUITests */,
			);
		};
/* End PBXProject section */

/* Begin PBXResourcesBuildPhase section */
		D1B5A31B203E074800EBEA6E /* Resources */ = {
			isa = PBXResourcesBuildPhase;
			buildActionMask = 2147483647;
			files = (
				D1B5A32B203E074800EBEA6E /* LaunchScreen.storyboard in Resources */,
				D1B5A328203E074800EBEA6E /* Assets.xcassets in Resources */,
				D1B5A326203E074800EBEA6E /* Main.storyboard in Resources */,
			);
			runOnlyForDeploymentPostprocessing = 0;
		};
		D1B5A32F203E074900EBEA6E /* Resources */ = {
			isa = PBXResourcesBuildPhase;
			buildActionMask = 2147483647;
			files = (
			);
			runOnlyForDeploymentPostprocessing = 0;
		};
		D1B5A33A203E074900EBEA6E /* Resources */ = {
			isa = PBXResourcesBuildPhase;
			buildActionMask = 2147483647;
			files = (
			);
			runOnlyForDeploymentPostprocessing = 0;
		};
/* End PBXResourcesBuildPhase section */

/* Begin PBXSourcesBuildPhase section */
		D1B5A319203E074800EBEA6E /* Sources */ = {
			isa = PBXSourcesBuildPhase;
			buildActionMask = 2147483647;
			files = (
				D1B5A323203E074800EBEA6E /* ViewController.swift in Sources */,
				D1B5A321203E074800EBEA6E /* AppDelegate.swift in Sources */,
			);
			runOnlyForDeploymentPostprocessing = 0;
		};
		D1B5A32D203E074900EBEA6E /* Sources */ = {
			isa = PBXSourcesBuildPhase;
			buildActionMask = 2147483647;
			files = (
				D1B5A336203E074900EBEA6E /* ExampleTests.swift in Sources */,
			);
			runOnlyForDeploymentPostprocessing = 0;
		};
		D1B5A338203E074900EBEA6E /* Sources */ = {
			isa = PBXSourcesBuildPhase;
			buildActionMask = 2147483647;
			files = (
				D1B5A341203E074900EBEA6E /* ExampleUITests.swift in Sources */,
			);
			runOnlyForDeploymentPostprocessing = 0;
		};
/* End PBXSourcesBuildPhase section */

/* Begin PBXTargetDependency section */
		D1B5A333203E074900EBEA6E /* PBXTargetDependency */ = {
			isa = PBXTargetDependency;
			target = D1B5A31C203E074800EBEA6E /* Example */;
			targetProxy = D1B5A332203E074900EBEA6E /* PBXContainerItemProxy */;
		};
		D1B5A33E203E074900EBEA6E /* PBXTargetDependency */ = {
			isa = PBXTargetDependency;
			target = D1B5A31C203E074800EBEA6E /* Example */;
			targetProxy = D1B5A33D203E074900EBEA6E /* PBXContainerItemProxy */;
		};
/* End PBXTargetDependency section */

/* Begin PBXVariantGroup section */
		D1B5A324203E074800EBEA6E /* Main.storyboard */ = {
			isa = PBXVariantGroup;
			children = (
				D1B5A325203E074800EBEA6E /* Base */,
			);
			name = Main.storyboard;
			sourceTree = "<group>";
		};
		D1B5A329203E074800EBEA6E /* LaunchScreen.storyboard */ = {
			isa = PBXVariantGroup;
			children = (
				D1B5A32A203E074800EBEA6E /* Base */,
			);
			name = LaunchScreen.storyboard;
			sourceTree = "<group>";
		};
/* End PBXVariantGroup section */

/* Begin XCBuildConfiguration section */
		D1B5A343203E074900EBEA6E /* Debug */ = {
			isa = XCBuildConfiguration;
			buildSettings = {
				ALWAYS_SEARCH_USER_PATHS = NO;
				CLANG_ANALYZER_NONNULL = YES;
				CLANG_ANALYZER_NUMBER_OBJECT_CONVERSION = YES_AGGRESSIVE;
				CLANG_CXX_LANGUAGE_STANDARD = "gnu++14";
				CLANG_CXX_LIBRARY = "libc++";
				CLANG_ENABLE_MODULES = YES;
				CLANG_ENABLE_OBJC_ARC = YES;
				CLANG_WARN_BLOCK_CAPTURE_AUTORELEASING = YES;
				CLANG_WARN_BOOL_CONVERSION = YES;
				CLANG_WARN_COMMA = YES;
				CLANG_WARN_CONSTANT_CONVERSION = YES;
				CLANG_WARN_DIRECT_OBJC_ISA_USAGE = YES_ERROR;
				CLANG_WARN_DOCUMENTATION_COMMENTS = YES;
				CLANG_WARN_EMPTY_BODY = YES;
				CLANG_WARN_ENUM_CONVERSION = YES;
				CLANG_WARN_INFINITE_RECURSION = YES;
				CLANG_WARN_INT_CONVERSION = YES;
				CLANG_WARN_NON_LITERAL_NULL_CONVERSION = YES;
				CLANG_WARN_OBJC_LITERAL_CONVERSION = YES;
				CLANG_WARN_OBJC_ROOT_CLASS = YES_ERROR;
				CLANG_WARN_RANGE_LOOP_ANALYSIS = YES;
				CLANG_WARN_STRICT_PROTOTYPES = YES;
				CLANG_WARN_SUSPICIOUS_MOVE = YES;
				CLANG_WARN_UNGUARDED_AVAILABILITY = YES_AGGRESSIVE;
				CLANG_WARN_UNREACHABLE_CODE = YES;
				CLANG_WARN__DUPLICATE_METHOD_MATCH = YES;
				CODE_SIGN_IDENTITY = "iPhone Developer";
				COPY_PHASE_STRIP = NO;
				DEBUG_INFORMATION_FORMAT = dwarf;
				ENABLE_STRICT_OBJC_MSGSEND = YES;
				ENABLE_TESTABILITY = YES;
				GCC_C_LANGUAGE_STANDARD = gnu11;
				GCC_DYNAMIC_NO_PIC = NO;
				GCC_NO_COMMON_BLOCKS = YES;
				GCC_OPTIMIZATION_LEVEL = 0;
				GCC_PREPROCESSOR_DEFINITIONS = (
					"DEBUG=1",
					"$(inherited)",
				);
				GCC_WARN_64_TO_32_BIT_CONVERSION = YES;
				GCC_WARN_ABOUT_RETURN_TYPE = YES_ERROR;
				GCC_WARN_UNDECLARED_SELECTOR = YES;
				GCC_WARN_UNINITIALIZED_AUTOS = YES_AGGRESSIVE;
				GCC_WARN_UNUSED_FUNCTION = YES;
				GCC_WARN_UNUSED_VARIABLE = YES;
				IPHONEOS_DEPLOYMENT_TARGET = 11.2;
				MTL_ENABLE_DEBUG_INFO = YES;
				ONLY_ACTIVE_ARCH = YES;
				SDKROOT = iphoneos;
				SWIFT_ACTIVE_COMPILATION_CONDITIONS = DEBUG;
				SWIFT_OPTIMIZATION_LEVEL = "-Onone";
			};
			name = Debug;
		};
		D1B5A344203E074900EBEA6E /* Release */ = {
			isa = XCBuildConfiguration;
			buildSettings = {
				ALWAYS_SEARCH_USER_PATHS = NO;
				CLANG_ANALYZER_NONNULL = YES;
				CLANG_ANALYZER_NUMBER_OBJECT_CONVERSION = YES_AGGRESSIVE;
				CLANG_CXX_LANGUAGE_STANDARD = "gnu++14";
				CLANG_CXX_LIBRARY = "libc++";
				CLANG_ENABLE_MODULES = YES;
				CLANG_ENABLE_OBJC_ARC = YES;
				CLANG_WARN_BLOCK_CAPTURE_AUTORELEASING = YES;
				CLANG_WARN_BOOL_CONVERSION = YES;
				CLANG_WARN_COMMA = YES;
				CLANG_WARN_CONSTANT_CONVERSION = YES;
				CLANG_WARN_DIRECT_OBJC_ISA_USAGE = YES_ERROR;
				CLANG_WARN_DOCUMENTATION_COMMENTS = YES;
				CLANG_WARN_EMPTY_BODY = YES;
				CLANG_WARN_ENUM_CONVERSION = YES;
				CLANG_WARN_INFINITE_RECURSION = YES;
				CLANG_WARN_INT_CONVERSION = YES;
				CLANG_WARN_NON_LITERAL_NULL_CONVERSION = YES;
				CLANG_WARN_OBJC_LITERAL_CONVERSION = YES;
				CLANG_WARN_OBJC_ROOT_CLASS = YES_ERROR;
				CLANG_WARN_RANGE_LOOP_ANALYSIS = YES;
				CLANG_WARN_STRICT_PROTOTYPES = YES;
				CLANG_WARN_SUSPICIOUS_MOVE = YES;
				CLANG_WARN_UNGUARDED_AVAILABILITY = YES_AGGRESSIVE;
				CLANG_WARN_UNREACHABLE_CODE = YES;
				CLANG_WARN__DUPLICATE_METHOD_MATCH = YES;
				CODE_SIGN_IDENTITY = "iPhone Developer";
				COPY_PHASE_STRIP = NO;
				DEBUG_INFORMATION_FORMAT = "dwarf-with-dsym";
				ENABLE_NS_ASSERTIONS = NO;
				ENABLE_STRICT_OBJC_MSGSEND = YES;
				GCC_C_LANGUAGE_STANDARD = gnu11;
				GCC_NO_COMMON_BLOCKS = YES;
				GCC_WARN_64_TO_32_BIT_CONVERSION = YES;
				GCC_WARN_ABOUT_RETURN_TYPE = YES_ERROR;
				GCC_WARN_UNDECLARED_SELECTOR = YES;
				GCC_WARN_UNINITIALIZED_AUTOS = YES_AGGRESSIVE;
				GCC_WARN_UNUSED_FUNCTION = YES;
				GCC_WARN_UNUSED_VARIABLE = YES;
				IPHONEOS_DEPLOYMENT_TARGET = 11.2;
				MTL_ENABLE_DEBUG_INFO = NO;
				SDKROOT = iphoneos;
				SWIFT_OPTIMIZATION_LEVEL = "-Owholemodule";
				VALIDATE_PRODUCT = YES;
			};
			name = Release;
		};
		D1B5A346203E074900EBEA6E /* Debug */ = {
			isa = XCBuildConfiguration;
			buildSettings = {
				ASSETCATALOG_COMPILER_APPICON_NAME = AppIcon;
				CODE_SIGN_STYLE = Automatic;
				INFOPLIST_FILE = Example/Info.plist;
				LD_RUNPATH_SEARCH_PATHS = "$(inherited) @executable_path/Frameworks";
				PRODUCT_BUNDLE_IDENTIFIER = furqanmk.Example;
				PRODUCT_NAME = "$(TARGET_NAME)";
				SWIFT_VERSION = 4.0;
				TARGETED_DEVICE_FAMILY = "1,2";
			};
			name = Debug;
		};
		D1B5A347203E074900EBEA6E /* Release */ = {
			isa = XCBuildConfiguration;
			buildSettings = {
				ASSETCATALOG_COMPILER_APPICON_NAME = AppIcon;
				CODE_SIGN_STYLE = Automatic;
				INFOPLIST_FILE = Example/Info.plist;
				LD_RUNPATH_SEARCH_PATHS = "$(inherited) @executable_path/Frameworks";
				PRODUCT_BUNDLE_IDENTIFIER = furqanmk.Example;
				PRODUCT_NAME = "$(TARGET_NAME)";
				SWIFT_VERSION = 4.0;
				TARGETED_DEVICE_FAMILY = "1,2";
			};
			name = Release;
		};
		D1B5A349203E074900EBEA6E /* Debug */ = {
			isa = XCBuildConfiguration;
			buildSettings = {
				ALWAYS_EMBED_SWIFT_STANDARD_LIBRARIES = YES;
				BUNDLE_LOADER = "$(TEST_HOST)";
				CODE_SIGN_STYLE = Automatic;
				INFOPLIST_FILE = ExampleTests/Info.plist;
				LD_RUNPATH_SEARCH_PATHS = "$(inherited) @executable_path/Frameworks @loader_path/Frameworks";
				PRODUCT_BUNDLE_IDENTIFIER = furqanmk.ExampleTests;
				PRODUCT_NAME = "$(TARGET_NAME)";
				SWIFT_VERSION = 4.0;
				TARGETED_DEVICE_FAMILY = "1,2";
				TEST_HOST = "$(BUILT_PRODUCTS_DIR)/Example.app/Example";
			};
			name = Debug;
		};
		D1B5A34A203E074900EBEA6E /* Release */ = {
			isa = XCBuildConfiguration;
			buildSettings = {
				ALWAYS_EMBED_SWIFT_STANDARD_LIBRARIES = YES;
				BUNDLE_LOADER = "$(TEST_HOST)";
				CODE_SIGN_STYLE = Automatic;
				INFOPLIST_FILE = ExampleTests/Info.plist;
				LD_RUNPATH_SEARCH_PATHS = "$(inherited) @executable_path/Frameworks @loader_path/Frameworks";
				PRODUCT_BUNDLE_IDENTIFIER = furqanmk.ExampleTests;
				PRODUCT_NAME = "$(TARGET_NAME)";
				SWIFT_VERSION = 4.0;
				TARGETED_DEVICE_FAMILY = "1,2";
				TEST_HOST = "$(BUILT_PRODUCTS_DIR)/Example.app/Example";
			};
			name = Release;
		};
		D1B5A34C203E074900EBEA6E /* Debug */ = {
			isa = XCBuildConfiguration;
			buildSettings = {
				ALWAYS_EMBED_SWIFT_STANDARD_LIBRARIES = YES;
				CODE_SIGN_STYLE = Automatic;
				INFOPLIST_FILE = ExampleUITests/Info.plist;
				LD_RUNPATH_SEARCH_PATHS = "$(inherited) @executable_path/Frameworks @loader_path/Frameworks";
				PRODUCT_BUNDLE_IDENTIFIER = furqanmk.ExampleUITests;
				PRODUCT_NAME = "$(TARGET_NAME)";
				SWIFT_VERSION = 4.0;
				TARGETED_DEVICE_FAMILY = "1,2";
				TEST_TARGET_NAME = Example;
			};
			name = Debug;
		};
		D1B5A34D203E074900EBEA6E /* Release */ = {
			isa = XCBuildConfiguration;
			buildSettings = {
				ALWAYS_EMBED_SWIFT_STANDARD_LIBRARIES = YES;
				CODE_SIGN_STYLE = Automatic;
				INFOPLIST_FILE = ExampleUITests/Info.plist;
				LD_RUNPATH_SEARCH_PATHS = "$(inherited) @executable_path/Frameworks @loader_path/Frameworks";
				PRODUCT_BUNDLE_IDENTIFIER = furqanmk.ExampleUITests;
				PRODUCT_NAME = "$(TARGET_NAME)";
				SWIFT_VERSION = 4.0;
				TARGETED_DEVICE_FAMILY = "1,2";
				TEST_TARGET_NAME = Example;
			};
			name = Release;
		};
/* End XCBuildConfiguration section */

/* Begin XCConfigurationList section */
		D1B5A318203E074800EBEA6E /* Build configuration list for PBXProject "Example" */ = {
			isa = XCConfigurationList;
			buildConfigurations = (
				D1B5A343203E074900EBEA6E /* Debug */,
				D1B5A344203E074900EBEA6E /* Release */,
			);
			defaultConfigurationIsVisible = 0;
			defaultConfigurationName = Release;
		};
		D1B5A345203E074900EBEA6E /* Build configuration list for PBXNativeTarget "Example" */ = {
			isa = XCConfigurationList;
			buildConfigurations = (
				D1B5A346203E074900EBEA6E /* Debug */,
				D1B5A347203E074900EBEA6E /* Release */,
			);
			defaultConfigurationIsVisible = 0;
			defaultConfigurationName = Release;
		};
		D1B5A348203E074900EBEA6E /* Build configuration list for PBXNativeTarget "ExampleTests" */ = {
			isa = XCConfigurationList;
			buildConfigurations = (
				D1B5A349203E074900EBEA6E /* Debug */,
				D1B5A34A203E074900EBEA6E /* Release */,
			);
			defaultConfigurationIsVisible = 0;
			defaultConfigurationName = Release;
		};
		D1B5A34B203E074900EBEA6E /* Build configuration list for PBXNativeTarget "ExampleUITests" */ = {
			isa = XCConfigurationList;
			buildConfigurations = (
				D1B5A34C203E074900EBEA6E /* Debug */,
				D1B5A34D203E074900EBEA6E /* Release */,
			);
			defaultConfigurationIsVisible = 0;
			defaultConfigurationName = Release;
		};
/* End XCConfigurationList section */
	};
	rootObject = D1B5A315203E074800EBEA6E /* Project object */;
}
